
Microsoft Visual Studio Solution File, Format Version 12.00
# Visual Studio Version 17
VisualStudioVersion = 17.7.34024.191
MinimumVisualStudioVersion = 10.0.40219.1
Project("{FAE04EC0-301F-11D3-BF4B-00C04F79EFBC}") = "ConsoleApp1", "ConsoleApp1\ConsoleApp1.csproj", "{B5AA802B-B961-470C-887B-EE1220A9AE1A}"
EndProject
Global
	GlobalSection(SolutionConfigurationPlatforms) = preSolution
		Debug|Any CPU = Debug|Any CPU
		Release|Any CPU = Release|Any CPU
	EndGlobalSection
	GlobalSection(ProjectConfigurationPlatforms) = postSolution
		{B5AA802B-B961-470C-887B-EE1220A9AE1A}.Debug|Any CPU.ActiveCfg = Debug|Any CPU
		{B5AA802B-B961-470C-887B-EE1220A9AE1A}.Debug|Any CPU.Build.0 = Debug|Any CPU
		{B5AA802B-B961-470C-887B-EE1220A9AE1A}.Release|Any CPU.ActiveCfg = Release|Any CPU
		{B5AA802B-B961-470C-887B-EE1220A9AE1A}.Release|Any CPU.Build.0 = Release|Any CPU
	EndGlobalSection
	GlobalSection(SolutionProperties) = preSolution
		HideSolutionNode = FALSE
	EndGlobalSection
	GlobalSection(ExtensibilityGlobals) = postSolution
		SolutionGuid = {A0AEB61C-AF36-4092-9A29-A241DC526B44}
	EndGlobalSection
EndGlobal
